{
  "version": 4,
  "terraform_version": "1.13.1",
  "serial": 5,
  "lineage": "6288dfdb-61a9-421f-5e25-fa1a384ad1f1",
  "outputs": {
    "rule_arn": {
      "value": "arn:aws:events:us-east-1:437147519305:rule/example-scheduled-task-rule",
      "type": "string"
    }
  },
  "resources": [
    {
      "mode": "data",
      "type": "aws_iam_policy_document",
      "name": "assume",
      "provider": "provider[\"registry.terraform.io/hashicorp/aws\"]",
      "instances": [
        {
          "schema_version": 0,
          "attributes": {
            "id": "335005817",
            "json": "{\n  \"Version\": \"2012-10-17\",\n  \"Statement\": [\n    {\n      \"Effect\": \"Allow\",\n      \"Action\": \"sts:AssumeRole\",\n      \"Principal\": {\n        \"Service\": \"events.amazonaws.com\"\n      }\n    }\n  ]\n}",
            "minified_json": "{\"Version\":\"2012-10-17\",\"Statement\":[{\"Effect\":\"Allow\",\"Action\":\"sts:AssumeRole\",\"Principal\":{\"Service\":\"events.amazonaws.com\"}}]}",
            "override_json": null,
            "override_policy_documents": null,
            "policy_id": null,
            "source_json": null,
            "source_policy_documents": null,
            "statement": [
              {
                "actions": [
                  "sts:AssumeRole"
                ],
                "condition": [],
                "effect": "Allow",
                "not_actions": [],
                "not_principals": [],
                "not_resources": [],
                "principals": [
                  {
                    "identifiers": [
                      "events.amazonaws.com"
                    ],
                    "type": "Service"
                  }
                ],
                "resources": [],
                "sid": ""
              }
            ],
            "version": "2012-10-17"
          },
          "sensitive_attributes": [],
          "identity_schema_version": 0
        }
      ]
    },
    {
      "mode": "data",
      "type": "aws_iam_policy_document",
      "name": "policy",
      "provider": "provider[\"registry.terraform.io/hashicorp/aws\"]",
      "instances": [
        {
          "schema_version": 0,
          "attributes": {
            "id": "1738991217",
            "json": "{\n  \"Version\": \"2012-10-17\",\n  \"Statement\": [\n    {\n      \"Effect\": \"Allow\",\n      \"Action\": [\n        \"ecs:RunTask\",\n        \"ecs:DescribeTasks\"\n      ],\n      \"Resource\": \"arn:aws:ecs:us-east-1:123456789012:task-definition/example:1\"\n    },\n    {\n      \"Effect\": \"Allow\",\n      \"Action\": \"iam:PassRole\",\n      \"Resource\": [\n        \"arn:aws:iam::123456789012:role/example-ecs-task-execution\",\n        \"arn:aws:iam::123456789012:role/example-ecs-task\"\n      ]\n    }\n  ]\n}",
            "minified_json": "{\"Version\":\"2012-10-17\",\"Statement\":[{\"Effect\":\"Allow\",\"Action\":[\"ecs:RunTask\",\"ecs:DescribeTasks\"],\"Resource\":\"arn:aws:ecs:us-east-1:123456789012:task-definition/example:1\"},{\"Effect\":\"Allow\",\"Action\":\"iam:PassRole\",\"Resource\":[\"arn:aws:iam::123456789012:role/example-ecs-task-execution\",\"arn:aws:iam::123456789012:role/example-ecs-task\"]}]}",
            "override_json": null,
            "override_policy_documents": null,
            "policy_id": null,
            "source_json": null,
            "source_policy_documents": null,
            "statement": [
              {
                "actions": [
                  "ecs:DescribeTasks",
                  "ecs:RunTask"
                ],
                "condition": [],
                "effect": "Allow",
                "not_actions": [],
                "not_principals": [],
                "not_resources": [],
                "principals": [],
                "resources": [
                  "arn:aws:ecs:us-east-1:123456789012:task-definition/example:1"
                ],
                "sid": ""
              },
              {
                "actions": [
                  "iam:PassRole"
                ],
                "condition": [],
                "effect": "Allow",
                "not_actions": [],
                "not_principals": [],
                "not_resources": [],
                "principals": [],
                "resources": [
                  "arn:aws:iam::123456789012:role/example-ecs-task",
                  "arn:aws:iam::123456789012:role/example-ecs-task-execution"
                ],
                "sid": ""
              }
            ],
            "version": "2012-10-17"
          },
          "sensitive_attributes": [],
          "identity_schema_version": 0
        }
      ]
    },
    {
      "mode": "managed",
      "type": "aws_cloudwatch_event_rule",
      "name": "this",
      "provider": "provider[\"registry.terraform.io/hashicorp/aws\"]",
      "instances": [
        {
          "schema_version": 1,
          "attributes": {
            "arn": "arn:aws:events:us-east-1:437147519305:rule/example-scheduled-task-rule",
            "description": "",
            "event_bus_name": "default",
            "event_pattern": null,
            "force_destroy": false,
            "id": "example-scheduled-task-rule",
            "is_enabled": true,
            "name": "example-scheduled-task-rule",
            "name_prefix": "",
            "role_arn": "",
            "schedule_expression": "rate(5 minutes)",
            "state": "ENABLED",
            "tags": {
              "Env": "dev",
              "Project": "demo"
            },
            "tags_all": {
              "Env": "dev",
              "Project": "demo"
            }
          },
          "sensitive_attributes": [],
          "identity_schema_version": 0,
          "private": "eyJzY2hlbWFfdmVyc2lvbiI6IjEifQ=="
        }
      ]
    },
    {
      "mode": "managed",
      "type": "aws_iam_role",
      "name": "this",
      "provider": "provider[\"registry.terraform.io/hashicorp/aws\"]",
      "instances": [
        {
          "schema_version": 0,
          "attributes": {
            "arn": "arn:aws:iam::437147519305:role/example-scheduled-task-events",
            "assume_role_policy": "{\"Statement\":[{\"Action\":\"sts:AssumeRole\",\"Effect\":\"Allow\",\"Principal\":{\"Service\":\"events.amazonaws.com\"}}],\"Version\":\"2012-10-17\"}",
            "create_date": "2025-12-19T23:57:58Z",
            "description": "",
            "force_detach_policies": false,
            "id": "example-scheduled-task-events",
            "inline_policy": [],
            "managed_policy_arns": [],
            "max_session_duration": 3600,
            "name": "example-scheduled-task-events",
            "name_prefix": "",
            "path": "/",
            "permissions_boundary": "",
            "tags": {
              "Env": "dev",
              "Name": "example-scheduled-task-events",
              "Project": "demo"
            },
            "tags_all": {
              "Env": "dev",
              "Name": "example-scheduled-task-events",
              "Project": "demo"
            },
            "unique_id": "AROAWLSAFZFEYH34OFCLH"
          },
          "sensitive_attributes": [],
          "identity_schema_version": 0,
          "private": "bnVsbA==",
          "dependencies": [
            "data.aws_iam_policy_document.assume"
          ]
        }
      ]
    },
    {
      "mode": "managed",
      "type": "aws_iam_role_policy",
      "name": "this",
      "provider": "provider[\"registry.terraform.io/hashicorp/aws\"]",
      "instances": [
        {
          "schema_version": 0,
          "attributes": {
            "id": "example-scheduled-task-events:terraform-20251219235758923500000001",
            "name": "terraform-20251219235758923500000001",
            "name_prefix": "terraform-",
            "policy": "{\"Version\":\"2012-10-17\",\"Statement\":[{\"Action\":[\"ecs:RunTask\",\"ecs:DescribeTasks\"],\"Effect\":\"Allow\",\"Resource\":\"arn:aws:ecs:us-east-1:123456789012:task-definition/example:1\"},{\"Action\":\"iam:PassRole\",\"Effect\":\"Allow\",\"Resource\":[\"arn:aws:iam::123456789012:role/example-ecs-task-execution\",\"arn:aws:iam::123456789012:role/example-ecs-task\"]}]}",
            "role": "example-scheduled-task-events"
          },
          "sensitive_attributes": [],
          "identity_schema_version": 0,
          "private": "bnVsbA==",
          "dependencies": [
            "aws_iam_role.this",
            "data.aws_iam_policy_document.assume",
            "data.aws_iam_policy_document.policy"
          ]
        }
      ]
    }
  ],
  "check_results": null
}
