{
  "version": 4,
  "terraform_version": "1.13.1",
  "serial": 3,
  "lineage": "4f347a5b-4dff-d2b6-09e1-82abcb7f5d0b",
  "outputs": {
    "repository_arn": {
      "value": "arn:aws:ecr:us-east-1:437147519305:repository/example-ecr-repo",
      "type": "string"
    },
    "repository_url": {
      "value": "437147519305.dkr.ecr.us-east-1.amazonaws.com/example-ecr-repo",
      "type": "string"
    }
  },
  "resources": [
    {
      "mode": "managed",
      "type": "aws_ecr_lifecycle_policy",
      "name": "this",
      "provider": "provider[\"registry.terraform.io/hashicorp/aws\"]",
      "instances": [
        {
          "schema_version": 0,
          "attributes": {
            "id": "example-ecr-repo",
            "policy": "{\"rules\":[{\"action\":{\"type\":\"expire\"},\"description\":\"Expire untagged images older than 30 days\",\"rulePriority\":1,\"selection\":{\"countNumber\":30,\"countType\":\"sinceImagePushed\",\"countUnit\":\"days\",\"tagStatus\":\"untagged\"}}]}",
            "registry_id": "437147519305",
            "repository": "example-ecr-repo"
          },
          "sensitive_attributes": [],
          "identity_schema_version": 0,
          "private": "bnVsbA==",
          "dependencies": [
            "aws_ecr_repository.this"
          ]
        }
      ]
    },
    {
      "mode": "managed",
      "type": "aws_ecr_repository",
      "name": "this",
      "provider": "provider[\"registry.terraform.io/hashicorp/aws\"]",
      "instances": [
        {
          "schema_version": 0,
          "attributes": {
            "arn": "arn:aws:ecr:us-east-1:437147519305:repository/example-ecr-repo",
            "encryption_configuration": [
              {
                "encryption_type": "KMS",
                "kms_key": "arn:aws:kms:us-east-1:437147519305:key/12227e92-cd18-4e12-a8b3-6657d5b9969e"
              }
            ],
            "force_delete": true,
            "id": "example-ecr-repo",
            "image_scanning_configuration": [
              {
                "scan_on_push": false
              }
            ],
            "image_tag_mutability": "MUTABLE",
            "name": "example-ecr-repo",
            "registry_id": "437147519305",
            "repository_url": "437147519305.dkr.ecr.us-east-1.amazonaws.com/example-ecr-repo",
            "tags": {
              "Env": "dev",
              "Name": "example-ecr-repo",
              "Project": "demo"
            },
            "tags_all": {
              "Env": "dev",
              "Name": "example-ecr-repo",
              "Project": "demo"
            },
            "timeouts": null
          },
          "sensitive_attributes": [],
          "identity_schema_version": 0,
          "private": "eyJlMmJmYjczMC1lY2FhLTExZTYtOGY4OC0zNDM2M2JjN2M0YzAiOnsiZGVsZXRlIjoxMjAwMDAwMDAwMDAwfX0="
        }
      ]
    }
  ],
  "check_results": null
}
