{
  "version": 4,
  "terraform_version": "1.13.1",
  "serial": 2,
  "lineage": "0c74f7c3-ca16-0657-c387-5ebf9f8287d8",
  "outputs": {
    "arn": {
      "value": "arn:aws:ecs:us-east-1:437147519305:cluster/example-ecs-cluster",
      "type": "string"
    },
    "id": {
      "value": "arn:aws:ecs:us-east-1:437147519305:cluster/example-ecs-cluster",
      "type": "string"
    }
  },
  "resources": [
    {
      "mode": "managed",
      "type": "aws_ecs_cluster",
      "name": "this",
      "provider": "provider[\"registry.terraform.io/hashicorp/aws\"]",
      "instances": [
        {
          "schema_version": 0,
          "attributes": {
            "arn": "arn:aws:ecs:us-east-1:437147519305:cluster/example-ecs-cluster",
            "configuration": [],
            "id": "arn:aws:ecs:us-east-1:437147519305:cluster/example-ecs-cluster",
            "name": "example-ecs-cluster",
            "service_connect_defaults": [],
            "setting": [
              {
                "name": "containerInsights",
                "value": "enabled"
              }
            ],
            "tags": {
              "Env": "dev",
              "Name": "example-ecs-cluster",
              "Project": "demo"
            },
            "tags_all": {
              "Env": "dev",
              "Name": "example-ecs-cluster",
              "Project": "demo"
            }
          },
          "sensitive_attributes": [],
          "identity_schema_version": 0,
          "private": "bnVsbA=="
        }
      ]
    }
  ],
  "check_results": null
}
