{
  "version": 4,
  "terraform_version": "1.13.1",
  "serial": 5,
  "lineage": "9a65a209-9476-ab60-087a-f1dc8bd704ff",
  "outputs": {
    "service_name": {
      "value": "example-fargate-service-service",
      "type": "string"
    }
  },
  "resources": [
    {
      "mode": "managed",
      "type": "aws_cloudwatch_log_group",
      "name": "this",
      "provider": "provider[\"registry.terraform.io/hashicorp/aws\"]",
      "instances": [
        {
          "schema_version": 0,
          "attributes": {
            "arn": "arn:aws:logs:us-east-1:437147519305:log-group:/ecs/example-fargate-service",
            "id": "/ecs/example-fargate-service",
            "kms_key_id": "",
            "log_group_class": "STANDARD",
            "name": "/ecs/example-fargate-service",
            "name_prefix": "",
            "retention_in_days": 7,
            "skip_destroy": false,
            "tags": {
              "Env": "dev",
              "Project": "demo"
            },
            "tags_all": {
              "Env": "dev",
              "Project": "demo"
            }
          },
          "sensitive_attributes": [],
          "identity_schema_version": 0,
          "private": "bnVsbA=="
        }
      ]
    }
  ],
  "check_results": null
}
